
Microsoft Visual Studio Solution File, Format Version 12.00
# Visual Studio 15
VisualStudioVersion = 15.0.28010.2036
MinimumVisualStudioVersion = 10.0.40219.1
Project("{FAE04EC0-301F-11D3-BF4B-00C04F79EFBC}") = "WorldCup", "WorldCup\WorldCup.csproj", "{5679D374-550D-4C9A-BA0D-E8D1922B6B9C}"
EndProject
Project("{FAE04EC0-301F-11D3-BF4B-00C04F79EFBC}") = "SportClub", "SportClub\SportClub.csproj", "{5F377B14-3389-4696-8240-D9CD9607AD1F}"
EndProject
Project("{FAE04EC0-301F-11D3-BF4B-00C04F79EFBC}") = "Student", "Student\Student.csproj", "{36B168AC-D773-40A6-97CB-FED0FB93A94E}"
EndProject
Global
	GlobalSection(SolutionConfigurationPlatforms) = preSolution
		Debug|Any CPU = Debug|Any CPU
		Release|Any CPU = Release|Any CPU
	EndGlobalSection
	GlobalSection(ProjectConfigurationPlatforms) = postSolution
		{5679D374-550D-4C9A-BA0D-E8D1922B6B9C}.Debug|Any CPU.ActiveCfg = Debug|Any CPU
		{5679D374-550D-4C9A-BA0D-E8D1922B6B9C}.Debug|Any CPU.Build.0 = Debug|Any CPU
		{5679D374-550D-4C9A-BA0D-E8D1922B6B9C}.Release|Any CPU.ActiveCfg = Release|Any CPU
		{5679D374-550D-4C9A-BA0D-E8D1922B6B9C}.Release|Any CPU.Build.0 = Release|Any CPU
		{5F377B14-3389-4696-8240-D9CD9607AD1F}.Debug|Any CPU.ActiveCfg = Debug|Any CPU
		{5F377B14-3389-4696-8240-D9CD9607AD1F}.Debug|Any CPU.Build.0 = Debug|Any CPU
		{5F377B14-3389-4696-8240-D9CD9607AD1F}.Release|Any CPU.ActiveCfg = Release|Any CPU
		{5F377B14-3389-4696-8240-D9CD9607AD1F}.Release|Any CPU.Build.0 = Release|Any CPU
		{36B168AC-D773-40A6-97CB-FED0FB93A94E}.Debug|Any CPU.ActiveCfg = Debug|Any CPU
		{36B168AC-D773-40A6-97CB-FED0FB93A94E}.Debug|Any CPU.Build.0 = Debug|Any CPU
		{36B168AC-D773-40A6-97CB-FED0FB93A94E}.Release|Any CPU.ActiveCfg = Release|Any CPU
		{36B168AC-D773-40A6-97CB-FED0FB93A94E}.Release|Any CPU.Build.0 = Release|Any CPU
	EndGlobalSection
	GlobalSection(SolutionProperties) = preSolution
		HideSolutionNode = FALSE
	EndGlobalSection
	GlobalSection(ExtensibilityGlobals) = postSolution
		SolutionGuid = {F7D3ABA9-9185-45E4-83A1-898647FB241A}
	EndGlobalSection
EndGlobal
